{
  "version": "3",
  "redirects": {
    "https://esm.sh/@supabase/supabase-js@2": "https://esm.sh/@supabase/supabase-js@2.106.1"
  },
  "remote": {
    "https://esm.sh/@supabase/supabase-js@2.106.1": "1b378cc89620ed0bf3e646b946b593e75d8e8ac0e43a4e07db6b71516ca757ec"
  },
  "workspace": {
    "packageJson": {
      "dependencies": [
        "npm:@emotion/react@^11.13.3",
        "npm:@emotion/styled@^11.13.0",
        "npm:@mui/icons-material@^6.1.6",
        "npm:@mui/material@^6.1.6",
        "npm:@mui/x-charts@^7.22.2",
        "npm:@supabase/supabase-js@^2.46.1",
        "npm:@tanstack/react-query@^5.59.20",
        "npm:@types/node@^20.16.11",
        "npm:@types/react-dom@^18.3.1",
        "npm:@types/react@^18.3.12",
        "npm:@vitejs/plugin-react@^4.3.3",
        "npm:dayjs@^1.11.13",
        "npm:react-dom@^18.3.1",
        "npm:react-router-dom@^6.27.0",
        "npm:react@^18.3.1",
        "npm:typescript@^5.6.3",
        "npm:vite-plugin-pwa@^0.20.5",
        "npm:vite@^5.4.10",
        "npm:zustand@^5.0.1"
      ]
    }
  }
}
